
Microsoft Visual Studio Solution File, Format Version 12.00
# Visual Studio Version 17
VisualStudioVersion = 17.5.33530.505
MinimumVisualStudioVersion = 10.0.40219.1
Project("{9A19103F-16F7-4668-BE54-9A1E7A4F7556}") = "Robot4CareDashboard", "Robot4CareDashboard\Robot4CareDashboard.csproj", "{D4A16924-7E69-479C-B27F-7FE4FE9984F0}"
EndProject
Project("{FAE04EC0-301F-11D3-BF4B-00C04F79EFBC}") = "Dashboard.test", "Dashboard.test\Dashboard.test.csproj", "{BFA13BAC-CF7C-4C32-9D3F-B7A03A3A66BA}"
EndProject
Global
	GlobalSection(SolutionConfigurationPlatforms) = preSolution
		Debug|Any CPU = Debug|Any CPU
		Release|Any CPU = Release|Any CPU
	EndGlobalSection
	GlobalSection(ProjectConfigurationPlatforms) = postSolution
		{D4A16924-7E69-479C-B27F-7FE4FE9984F0}.Debug|Any CPU.ActiveCfg = Debug|Any CPU
		{D4A16924-7E69-479C-B27F-7FE4FE9984F0}.Debug|Any CPU.Build.0 = Debug|Any CPU
		{D4A16924-7E69-479C-B27F-7FE4FE9984F0}.Release|Any CPU.ActiveCfg = Release|Any CPU
		{D4A16924-7E69-479C-B27F-7FE4FE9984F0}.Release|Any CPU.Build.0 = Release|Any CPU
		{BFA13BAC-CF7C-4C32-9D3F-B7A03A3A66BA}.Debug|Any CPU.ActiveCfg = Debug|Any CPU
		{BFA13BAC-CF7C-4C32-9D3F-B7A03A3A66BA}.Debug|Any CPU.Build.0 = Debug|Any CPU
		{BFA13BAC-CF7C-4C32-9D3F-B7A03A3A66BA}.Release|Any CPU.ActiveCfg = Release|Any CPU
		{BFA13BAC-CF7C-4C32-9D3F-B7A03A3A66BA}.Release|Any CPU.Build.0 = Release|Any CPU
	EndGlobalSection
	GlobalSection(SolutionProperties) = preSolution
		HideSolutionNode = FALSE
	EndGlobalSection
	GlobalSection(ExtensibilityGlobals) = postSolution
		SolutionGuid = {50DDCD4C-C487-4E5C-B37F-B3897D04EF44}
	EndGlobalSection
EndGlobal
